
Microsoft Visual Studio Solution File, Format Version 12.00
# Visual Studio 2012
Project("{1FAC5C55-277D-4884-94A4-83DBDAF57E56}") = "UnityVS.PDD.UnityScript.Editor", "UnityVS.PDD.UnityScript.Editor.unityproj", "{3ED4FC49-357A-E321-762C-0381EC3A31D2}"
EndProject
Project("{FAE04EC0-301F-11D3-BF4B-00C04F79EFBC}") = "UnityVS.PDD.CSharp", "UnityVS.PDD.CSharp.csproj", "{A38AF047-455B-796F-7565-2AE4187DC03E}"
EndProject
Project("{FAE04EC0-301F-11D3-BF4B-00C04F79EFBC}") = "UnityVS.PDD.CSharp.Plugins", "UnityVS.PDD.CSharp.Plugins.csproj", "{8D7F201C-234A-646F-AAFE-8575C363D8B6}"
EndProject
Project("{1FAC5C55-277D-4884-94A4-83DBDAF57E56}") = "UnityVS.PDD.UnityScript", "UnityVS.PDD.UnityScript.unityproj", "{FD40B7F8-0E22-7510-9A14-4C21FDA89469}"
EndProject
Global
	GlobalSection(SolutionConfigurationPlatforms) = preSolution
		Debug|Any CPU = Debug|Any CPU
		Release|Any CPU = Release|Any CPU
	EndGlobalSection
	GlobalSection(ProjectConfigurationPlatforms) = postSolution
		{3ED4FC49-357A-E321-762C-0381EC3A31D2}.Debug|Any CPU.ActiveCfg = Debug|Any CPU
		{3ED4FC49-357A-E321-762C-0381EC3A31D2}.Debug|Any CPU.Build.0 = Debug|Any CPU
		{3ED4FC49-357A-E321-762C-0381EC3A31D2}.Release|Any CPU.ActiveCfg = Release|Any CPU
		{3ED4FC49-357A-E321-762C-0381EC3A31D2}.Release|Any CPU.Build.0 = Release|Any CPU
		{A38AF047-455B-796F-7565-2AE4187DC03E}.Debug|Any CPU.ActiveCfg = Debug|Any CPU
		{A38AF047-455B-796F-7565-2AE4187DC03E}.Debug|Any CPU.Build.0 = Debug|Any CPU
		{A38AF047-455B-796F-7565-2AE4187DC03E}.Release|Any CPU.ActiveCfg = Release|Any CPU
		{A38AF047-455B-796F-7565-2AE4187DC03E}.Release|Any CPU.Build.0 = Release|Any CPU
		{8D7F201C-234A-646F-AAFE-8575C363D8B6}.Debug|Any CPU.ActiveCfg = Debug|Any CPU
		{8D7F201C-234A-646F-AAFE-8575C363D8B6}.Debug|Any CPU.Build.0 = Debug|Any CPU
		{8D7F201C-234A-646F-AAFE-8575C363D8B6}.Release|Any CPU.ActiveCfg = Release|Any CPU
		{8D7F201C-234A-646F-AAFE-8575C363D8B6}.Release|Any CPU.Build.0 = Release|Any CPU
		{FD40B7F8-0E22-7510-9A14-4C21FDA89469}.Debug|Any CPU.ActiveCfg = Debug|Any CPU
		{FD40B7F8-0E22-7510-9A14-4C21FDA89469}.Debug|Any CPU.Build.0 = Debug|Any CPU
		{FD40B7F8-0E22-7510-9A14-4C21FDA89469}.Release|Any CPU.ActiveCfg = Release|Any CPU
		{FD40B7F8-0E22-7510-9A14-4C21FDA89469}.Release|Any CPU.Build.0 = Release|Any CPU
	EndGlobalSection
	GlobalSection(SolutionProperties) = preSolution
		HideSolutionNode = FALSE
	EndGlobalSection
EndGlobal
